Microsoft Visual Studio Solution File, Format Version 12.00
# Visual Studio Version 17
VisualStudioVersion = 17.5.2.0
MinimumVisualStudioVersion = 10.0.40219.1
Project("{2150E333-8FDC-42A3-9474-1A3956D46DE8}") = "test_dir", "test_dir", "{7BB4C7D0-8E90-7E76-C5CA-A867C192FEC5}"
EndProject
Project("{FAE04EC0-301F-11D3-BF4B-00C04F79EFBC}") = "backend", "test_dir\backend\backend.csproj", "{18D5E2C6-2DE0-DEB5-FE86-079BDCEDEAB3}"
EndProject
Global
	GlobalSection(SolutionConfigurationPlatforms) = preSolution
		Debug|Any CPU = Debug|Any CPU
		Release|Any CPU = Release|Any CPU
	EndGlobalSection
	GlobalSection(ProjectConfigurationPlatforms) = postSolution
		{18D5E2C6-2DE0-DEB5-FE86-079BDCEDEAB3}.Debug|Any CPU.ActiveCfg = Debug|Any CPU
		{18D5E2C6-2DE0-DEB5-FE86-079BDCEDEAB3}.Debug|Any CPU.Build.0 = Debug|Any CPU
		{18D5E2C6-2DE0-DEB5-FE86-079BDCEDEAB3}.Release|Any CPU.ActiveCfg = Release|Any CPU
		{18D5E2C6-2DE0-DEB5-FE86-079BDCEDEAB3}.Release|Any CPU.Build.0 = Release|Any CPU
	EndGlobalSection
	GlobalSection(SolutionProperties) = preSolution
		HideSolutionNode = FALSE
	EndGlobalSection
	GlobalSection(NestedProjects) = preSolution
		{18D5E2C6-2DE0-DEB5-FE86-079BDCEDEAB3} = {7BB4C7D0-8E90-7E76-C5CA-A867C192FEC5}
	EndGlobalSection
	GlobalSection(ExtensibilityGlobals) = postSolution
		SolutionGuid = {D63A192C-5DB6-4A0D-A276-2E9FB2754A23}
	EndGlobalSection
EndGlobal
